
Microsoft Visual Studio Solution File, Format Version 12.00
# Visual Studio Version 17
VisualStudioVersion = 17.5.33530.505
MinimumVisualStudioVersion = 10.0.40219.1
Project("{FAE04EC0-301F-11D3-BF4B-00C04F79EFBC}") = "bombgame", "bombgame\bombgame.csproj", "{6E05F3B4-F877-4B79-ABBA-6A6F6A7615EC}"
EndProject
Global
	GlobalSection(SolutionConfigurationPlatforms) = preSolution
		Debug|Any CPU = Debug|Any CPU
		Release|Any CPU = Release|Any CPU
	EndGlobalSection
	GlobalSection(ProjectConfigurationPlatforms) = postSolution
		{6E05F3B4-F877-4B79-ABBA-6A6F6A7615EC}.Debug|Any CPU.ActiveCfg = Debug|Any CPU
		{6E05F3B4-F877-4B79-ABBA-6A6F6A7615EC}.Debug|Any CPU.Build.0 = Debug|Any CPU
		{6E05F3B4-F877-4B79-ABBA-6A6F6A7615EC}.Release|Any CPU.ActiveCfg = Release|Any CPU
		{6E05F3B4-F877-4B79-ABBA-6A6F6A7615EC}.Release|Any CPU.Build.0 = Release|Any CPU
	EndGlobalSection
	GlobalSection(SolutionProperties) = preSolution
		HideSolutionNode = FALSE
	EndGlobalSection
	GlobalSection(ExtensibilityGlobals) = postSolution
		SolutionGuid = {EBBC7354-E188-4DDC-896E-CA56D94FC87D}
	EndGlobalSection
EndGlobal
